// !$*UTF8*$!
{
	archiveVersion = 1;
	classes = {
	};
	objectVersion = 50;
	objects = {

/* Begin PBXBuildFile section */
		AE5471DA239FF3E600EE176E /* VesuvioRistorant.png in Resources */ = {isa = PBXBuildFile; fileRef = AE5471BE239FF3E400EE176E /* VesuvioRistorant.png */; };
		AE5471DB239FF3E600EE176E /* FatBatard.png in Resources */ = {isa = PBXBuildFile; fileRef = AE5471BF239FF3E400EE176E /* FatBatard.png */; };
		AE5471DC239FF3E600EE176E /* loneStar.png in Resources */ = {isa = PBXBuildFile; fileRef = AE5471C0239FF3E400EE176E /* loneStar.png */; };
		AE5471DD239FF3E600EE176E /* harbourside.png in Resources */ = {isa = PBXBuildFile; fileRef = AE5471C1239FF3E400EE176E /* harbourside.png */; };
		AE5471DE239FF3E600EE176E /* HakkaVillage.png in Resources */ = {isa = PBXBuildFile; fileRef = AE5471C2239FF3E400EE176E /* HakkaVillage.png */; };
		AE5471DF239FF3E600EE176E /* TandooriFlame.png in Resources */ = {isa = PBXBuildFile; fileRef = AE5471C3239FF3E400EE176E /* TandooriFlame.png */; };
		AE5471E0239FF3E600EE176E /* Promodora.png in Resources */ = {isa = PBXBuildFile; fileRef = AE5471C4239FF3E400EE176E /* Promodora.png */; };
		AE5471E1239FF3E600EE176E /* MirchMasala.png in Resources */ = {isa = PBXBuildFile; fileRef = AE5471C5239FF3E400EE176E /* MirchMasala.png */; };
		AE5471E2239FF3E600EE176E /* tropicalEscape.png in Resources */ = {isa = PBXBuildFile; fileRef = AE5471C6239FF3E400EE176E /* tropicalEscape.png */; };
		AE5471E3239FF3E600EE176E /* PosBuenoMexican.png in Resources */ = {isa = PBXBuildFile; fileRef = AE5471C7239FF3E400EE176E /* PosBuenoMexican.png */; };
		AE5471E4239FF3E600EE176E /* paneEVino.png in Resources */ = {isa = PBXBuildFile; fileRef = AE5471C8239FF3E400EE176E /* paneEVino.png */; };
		AE5471E5239FF3E600EE176E /* FookHing.png in Resources */ = {isa = PBXBuildFile; fileRef = AE5471C9239FF3E400EE176E /* FookHing.png */; };
		AE5471E6239FF3E600EE176E /* SingaporeGarden.png in Resources */ = {isa = PBXBuildFile; fileRef = AE5471CA239FF3E400EE176E /* SingaporeGarden.png */; };
		AE5471E7239FF3E600EE176E /* 4star.jpeg in Resources */ = {isa = PBXBuildFile; fileRef = AE5471CB239FF3E500EE176E /* 4star.jpeg */; };
		AE5471E8239FF3E600EE176E /* mamaBurrito.png in Resources */ = {isa = PBXBuildFile; fileRef = AE5471CC239FF3E500EE176E /* mamaBurrito.png */; };
		AE5471E9239FF3E600EE176E /* HeneryFishChips.png in Resources */ = {isa = PBXBuildFile; fileRef = AE5471CD239FF3E500EE176E /* HeneryFishChips.png */; };
		AE5471EA239FF3E600EE176E /* 2star.png in Resources */ = {isa = PBXBuildFile; fileRef = AE5471CE239FF3E500EE176E /* 2star.png */; };
		AE5471EB239FF3E600EE176E /* 1star.png in Resources */ = {isa = PBXBuildFile; fileRef = AE5471CF239FF3E500EE176E /* 1star.png */; };
		AE5471EC239FF3E600EE176E /* 3star.jpeg in Resources */ = {isa = PBXBuildFile; fileRef = AE5471D0239FF3E500EE176E /* 3star.jpeg */; };
		AE5471ED239FF3E600EE176E /* wimpyDinner.png in Resources */ = {isa = PBXBuildFile; fileRef = AE5471D1239FF3E500EE176E /* wimpyDinner.png */; };
		AE5471EE239FF3E600EE176E /* quesadaBurrito.png in Resources */ = {isa = PBXBuildFile; fileRef = AE5471D2239FF3E500EE176E /* quesadaBurrito.png */; };
		AE5471EF239FF3E600EE176E /* redLobster.png in Resources */ = {isa = PBXBuildFile; fileRef = AE5471D3239FF3E500EE176E /* redLobster.png */; };
		AE5471F0239FF3E600EE176E /* burritoBoyz.png in Resources */ = {isa = PBXBuildFile; fileRef = AE5471D4239FF3E600EE176E /* burritoBoyz.png */; };
		AE5471F1239FF3E600EE176E /* 2dollar.jpeg in Resources */ = {isa = PBXBuildFile; fileRef = AE5471D5239FF3E600EE176E /* 2dollar.jpeg */; };
		AE5471F2239FF3E600EE176E /* IndianHero.png in Resources */ = {isa = PBXBuildFile; fileRef = AE5471D6239FF3E600EE176E /* IndianHero.png */; };
		AE5471F3239FF3E600EE176E /* 3dollar.png in Resources */ = {isa = PBXBuildFile; fileRef = AE5471D7239FF3E600EE176E /* 3dollar.png */; };
		AE5471F4239FF3E600EE176E /* 1dollar.jpeg in Resources */ = {isa = PBXBuildFile; fileRef = AE5471D8239FF3E600EE176E /* 1dollar.jpeg */; };
		AE5471F5239FF3E600EE176E /* 5star.jpeg in Resources */ = {isa = PBXBuildFile; fileRef = AE5471D9239FF3E600EE176E /* 5star.jpeg */; };
		AE5471F7239FF43A00EE176E /* MapViewController.swift in Sources */ = {isa = PBXBuildFile; fileRef = AE5471F6239FF43A00EE176E /* MapViewController.swift */; };
		AE5471FA239FF6C400EE176E /* CoreLocation.framework in Frameworks */ = {isa = PBXBuildFile; fileRef = AE5471F9239FF6C400EE176E /* CoreLocation.framework */; };
		AE5471FC239FF6D200EE176E /* MapKit.framework in Frameworks */ = {isa = PBXBuildFile; fileRef = AE5471FB239FF6D200EE176E /* MapKit.framework */; };
		AE736806238438EF00116D6F /* AppDelegate.swift in Sources */ = {isa = PBXBuildFile; fileRef = AE736805238438EF00116D6F /* AppDelegate.swift */; };
		AE736808238438EF00116D6F /* ViewController.swift in Sources */ = {isa = PBXBuildFile; fileRef = AE736807238438EF00116D6F /* ViewController.swift */; };
		AE73680B238438EF00116D6F /* Main.storyboard in Resources */ = {isa = PBXBuildFile; fileRef = AE736809238438EF00116D6F /* Main.storyboard */; };
		AE73680D238438F000116D6F /* Assets.xcassets in Resources */ = {isa = PBXBuildFile; fileRef = AE73680C238438F000116D6F /* Assets.xcassets */; };
		AE736810238438F000116D6F /* LaunchScreen.storyboard in Resources */ = {isa = PBXBuildFile; fileRef = AE73680E238438F000116D6F /* LaunchScreen.storyboard */; };
		AE73681D23845D5A00116D6F /* GetData.swift in Sources */ = {isa = PBXBuildFile; fileRef = AE73681C23845D5A00116D6F /* GetData.swift */; };
		AE73681F23845D7900116D6F /* MyDataTableViewCell.swift in Sources */ = {isa = PBXBuildFile; fileRef = AE73681E23845D7900116D6F /* MyDataTableViewCell.swift */; };
		AE7F7A2C238ED7A900AEAAAB /* TableViewController.swift in Sources */ = {isa = PBXBuildFile; fileRef = AE7F7A2B238ED7A900AEAAAB /* TableViewController.swift */; };
/* End PBXBuildFile section */

/* Begin PBXFileReference section */
		AE5471BE239FF3E400EE176E /* VesuvioRistorant.png */ = {isa = PBXFileReference; lastKnownFileType = image.png; name = VesuvioRistorant.png; path = ../../../images/VesuvioRistorant.png; sourceTree = "<group>"; };
		AE5471BF239FF3E400EE176E /* FatBatard.png */ = {isa = PBXFileReference; lastKnownFileType = image.png; name = FatBatard.png; path = ../../../images/FatBatard.png; sourceTree = "<group>"; };
		AE5471C0239FF3E400EE176E /* loneStar.png */ = {isa = PBXFileReference; lastKnownFileType = image.png; name = loneStar.png; path = ../../../images/loneStar.png; sourceTree = "<group>"; };
		AE5471C1239FF3E400EE176E /* harbourside.png */ = {isa = PBXFileReference; lastKnownFileType = image.png; name = harbourside.png; path = ../../../images/harbourside.png; sourceTree = "<group>"; };
		AE5471C2239FF3E400EE176E /* HakkaVillage.png */ = {isa = PBXFileReference; lastKnownFileType = image.png; name = HakkaVillage.png; path = ../../../images/HakkaVillage.png; sourceTree = "<group>"; };
		AE5471C3239FF3E400EE176E /* TandooriFlame.png */ = {isa = PBXFileReference; lastKnownFileType = image.png; name = TandooriFlame.png; path = ../../../images/TandooriFlame.png; sourceTree = "<group>"; };
		AE5471C4239FF3E400EE176E /* Promodora.png */ = {isa = PBXFileReference; lastKnownFileType = image.png; name = Promodora.png; path = ../../../images/Promodora.png; sourceTree = "<group>"; };
		AE5471C5239FF3E400EE176E /* MirchMasala.png */ = {isa = PBXFileReference; lastKnownFileType = image.png; name = MirchMasala.png; path = ../../../images/MirchMasala.png; sourceTree = "<group>"; };
		AE5471C6239FF3E400EE176E /* tropicalEscape.png */ = {isa = PBXFileReference; lastKnownFileType = image.png; name = tropicalEscape.png; path = ../../../images/tropicalEscape.png; sourceTree = "<group>"; };
		AE5471C7239FF3E400EE176E /* PosBuenoMexican.png */ = {isa = PBXFileReference; lastKnownFileType = image.png; name = PosBuenoMexican.png; path = ../../../images/PosBuenoMexican.png; sourceTree = "<group>"; };
		AE5471C8239FF3E400EE176E /* paneEVino.png */ = {isa = PBXFileReference; lastKnownFileType = image.png; path = paneEVino.png; sourceTree = "<group>"; };
		AE5471C9239FF3E400EE176E /* FookHing.png */ = {isa = PBXFileReference; lastKnownFileType = image.png; name = FookHing.png; path = ../../../images/FookHing.png; sourceTree = "<group>"; };
		AE5471CA239FF3E400EE176E /* SingaporeGarden.png */ = {isa = PBXFileReference; lastKnownFileType = image.png; name = SingaporeGarden.png; path = ../../../images/SingaporeGarden.png; sourceTree = "<group>"; };
		AE5471CB239FF3E500EE176E /* 4star.jpeg */ = {isa = PBXFileReference; lastKnownFileType = image.jpeg; name = 4star.jpeg; path = ../../../images/4star.jpeg; sourceTree = "<group>"; };
		AE5471CC239FF3E500EE176E /* mamaBurrito.png */ = {isa = PBXFileReference; lastKnownFileType = image.png; name = mamaBurrito.png; path = ../../../images/mamaBurrito.png; sourceTree = "<group>"; };
		AE5471CD239FF3E500EE176E /* HeneryFishChips.png */ = {isa = PBXFileReference; lastKnownFileType = image.png; name = HeneryFishChips.png; path = ../../../images/HeneryFishChips.png; sourceTree = "<group>"; };
		AE5471CE239FF3E500EE176E /* 2star.png */ = {isa = PBXFileReference; lastKnownFileType = image.png; name = 2star.png; path = ../../../images/2star.png; sourceTree = "<group>"; };
		AE5471CF239FF3E500EE176E /* 1star.png */ = {isa = PBXFileReference; lastKnownFileType = image.png; name = 1star.png; path = ../../../images/1star.png; sourceTree = "<group>"; };
		AE5471D0239FF3E500EE176E /* 3star.jpeg */ = {isa = PBXFileReference; lastKnownFileType = image.jpeg; name = 3star.jpeg; path = ../../../images/3star.jpeg; sourceTree = "<group>"; };
		AE5471D1239FF3E500EE176E /* wimpyDinner.png */ = {isa = PBXFileReference; lastKnownFileType = image.png; name = wimpyDinner.png; path = ../../../images/wimpyDinner.png; sourceTree = "<group>"; };
		AE5471D2239FF3E500EE176E /* quesadaBurrito.png */ = {isa = PBXFileReference; lastKnownFileType = image.png; name = quesadaBurrito.png; path = ../../../images/quesadaBurrito.png; sourceTree = "<group>"; };
		AE5471D3239FF3E500EE176E /* redLobster.png */ = {isa = PBXFileReference; lastKnownFileType = image.png; path = redLobster.png; sourceTree = "<group>"; };
		AE5471D4239FF3E600EE176E /* burritoBoyz.png */ = {isa = PBXFileReference; lastKnownFileType = image.png; name = burritoBoyz.png; path = ../../../images/burritoBoyz.png; sourceTree = "<group>"; };
		AE5471D5239FF3E600EE176E /* 2dollar.jpeg */ = {isa = PBXFileReference; lastKnownFileType = image.jpeg; name = 2dollar.jpeg; path = ../../../images/2dollar.jpeg; sourceTree = "<group>"; };
		AE5471D6239FF3E600EE176E /* IndianHero.png */ = {isa = PBXFileReference; lastKnownFileType = image.png; name = IndianHero.png; path = ../../../images/IndianHero.png; sourceTree = "<group>"; };
		AE5471D7239FF3E600EE176E /* 3dollar.png */ = {isa = PBXFileReference; lastKnownFileType = image.png; name = 3dollar.png; path = ../../../images/3dollar.png; sourceTree = "<group>"; };
		AE5471D8239FF3E600EE176E /* 1dollar.jpeg */ = {isa = PBXFileReference; lastKnownFileType = image.jpeg; name = 1dollar.jpeg; path = ../../../images/1dollar.jpeg; sourceTree = "<group>"; };
		AE5471D9239FF3E600EE176E /* 5star.jpeg */ = {isa = PBXFileReference; lastKnownFileType = image.jpeg; name = 5star.jpeg; path = ../../../images/5star.jpeg; sourceTree = "<group>"; };
		AE5471F6239FF43A00EE176E /* MapViewController.swift */ = {isa = PBXFileReference; lastKnownFileType = sourcecode.swift; path = MapViewController.swift; sourceTree = "<group>"; };
		AE5471F9239FF6C400EE176E /* CoreLocation.framework */ = {isa = PBXFileReference; lastKnownFileType = wrapper.framework; name = CoreLocation.framework; path = System/Library/Frameworks/CoreLocation.framework; sourceTree = SDKROOT; };
		AE5471FB239FF6D200EE176E /* MapKit.framework */ = {isa = PBXFileReference; lastKnownFileType = wrapper.framework; name = MapKit.framework; path = System/Library/Frameworks/MapKit.framework; sourceTree = SDKROOT; };
		AE736802238438EF00116D6F /* Trojans.app */ = {isa = PBXFileReference; explicitFileType = wrapper.application; includeInIndex = 0; path = Trojans.app; sourceTree = BUILT_PRODUCTS_DIR; };
		AE736805238438EF00116D6F /* AppDelegate.swift */ = {isa = PBXFileReference; lastKnownFileType = sourcecode.swift; path = AppDelegate.swift; sourceTree = "<group>"; };
		AE736807238438EF00116D6F /* ViewController.swift */ = {isa = PBXFileReference; lastKnownFileType = sourcecode.swift; path = ViewController.swift; sourceTree = "<group>"; };
		AE73680A238438EF00116D6F /* Base */ = {isa = PBXFileReference; lastKnownFileType = file.storyboard; name = Base; path = Base.lproj/Main.storyboard; sourceTree = "<group>"; };
		AE73680C238438F000116D6F /* Assets.xcassets */ = {isa = PBXFileReference; lastKnownFileType = folder.assetcatalog; path = Assets.xcassets; sourceTree = "<group>"; };
		AE73680F238438F000116D6F /* Base */ = {isa = PBXFileReference; lastKnownFileType = file.storyboard; name = Base; path = Base.lproj/LaunchScreen.storyboard; sourceTree = "<group>"; };
		AE736811238438F000116D6F /* Info.plist */ = {isa = PBXFileReference; lastKnownFileType = text.plist.xml; path = Info.plist; sourceTree = "<group>"; };
		AE73681C23845D5A00116D6F /* GetData.swift */ = {isa = PBXFileReference; lastKnownFileType = sourcecode.swift; path = GetData.swift; sourceTree = "<group>"; };
		AE73681E23845D7900116D6F /* MyDataTableViewCell.swift */ = {isa = PBXFileReference; lastKnownFileType = sourcecode.swift; path = MyDataTableViewCell.swift; sourceTree = "<group>"; };
		AE7F7A2B238ED7A900AEAAAB /* TableViewController.swift */ = {isa = PBXFileReference; lastKnownFileType = sourcecode.swift; path = TableViewController.swift; sourceTree = "<group>"; };
/* End PBXFileReference section */

/* Begin PBXFrameworksBuildPhase section */
		AE7367FF238438EF00116D6F /* Frameworks */ = {
			isa = PBXFrameworksBuildPhase;
			buildActionMask = 2147483647;
			files = (
				AE5471FC239FF6D200EE176E /* MapKit.framework in Frameworks */,
				AE5471FA239FF6C400EE176E /* CoreLocation.framework in Frameworks */,
			);
			runOnlyForDeploymentPostprocessing = 0;
		};
/* End PBXFrameworksBuildPhase section */

/* Begin PBXGroup section */
		AE5471F8239FF6C300EE176E /* Frameworks */ = {
			isa = PBXGroup;
			children = (
				AE5471FB239FF6D200EE176E /* MapKit.framework */,
				AE5471F9239FF6C400EE176E /* CoreLocation.framework */,
			);
			name = Frameworks;
			sourceTree = "<group>";
		};
		AE7367F9238438EF00116D6F = {
			isa = PBXGroup;
			children = (
				AE736804238438EF00116D6F /* Trojans */,
				AE736803238438EF00116D6F /* Products */,
				AE5471F8239FF6C300EE176E /* Frameworks */,
			);
			sourceTree = "<group>";
		};
		AE736803238438EF00116D6F /* Products */ = {
			isa = PBXGroup;
			children = (
				AE736802238438EF00116D6F /* Trojans.app */,
			);
			name = Products;
			sourceTree = "<group>";
		};
		AE736804238438EF00116D6F /* Trojans */ = {
			isa = PBXGroup;
			children = (
				AE7F7A2D238EE05000AEAAAB /* Images */,
				AE73681923843A4A00116D6F /* View Controller */,
				AE73681823843A3800116D6F /* Classes */,
				AE73681723843A2500116D6F /* Storyboard */,
				AE73680C238438F000116D6F /* Assets.xcassets */,
				AE736811238438F000116D6F /* Info.plist */,
			);
			path = Trojans;
			sourceTree = "<group>";
		};
		AE73681723843A2500116D6F /* Storyboard */ = {
			isa = PBXGroup;
			children = (
				AE736809238438EF00116D6F /* Main.storyboard */,
				AE73680E238438F000116D6F /* LaunchScreen.storyboard */,
			);
			path = Storyboard;
			sourceTree = "<group>";
		};
		AE73681823843A3800116D6F /* Classes */ = {
			isa = PBXGroup;
			children = (
				AE736805238438EF00116D6F /* AppDelegate.swift */,
				AE73681C23845D5A00116D6F /* GetData.swift */,
				AE73681E23845D7900116D6F /* MyDataTableViewCell.swift */,
			);
			path = Classes;
			sourceTree = "<group>";
		};
		AE73681923843A4A00116D6F /* View Controller */ = {
			isa = PBXGroup;
			children = (
				AE736807238438EF00116D6F /* ViewController.swift */,
				AE7F7A2B238ED7A900AEAAAB /* TableViewController.swift */,
				AE5471F6239FF43A00EE176E /* MapViewController.swift */,
			);
			path = "View Controller";
			sourceTree = "<group>";
		};
		AE7F7A2D238EE05000AEAAAB /* Images */ = {
			isa = PBXGroup;
			children = (
				AE5471D8239FF3E600EE176E /* 1dollar.jpeg */,
				AE5471CF239FF3E500EE176E /* 1star.png */,
				AE5471D5239FF3E600EE176E /* 2dollar.jpeg */,
				AE5471CE239FF3E500EE176E /* 2star.png */,
				AE5471D7239FF3E600EE176E /* 3dollar.png */,
				AE5471D0239FF3E500EE176E /* 3star.jpeg */,
				AE5471CB239FF3E500EE176E /* 4star.jpeg */,
				AE5471D9239FF3E600EE176E /* 5star.jpeg */,
				AE5471D4239FF3E600EE176E /* burritoBoyz.png */,
				AE5471BF239FF3E400EE176E /* FatBatard.png */,
				AE5471C9239FF3E400EE176E /* FookHing.png */,
				AE5471C2239FF3E400EE176E /* HakkaVillage.png */,
				AE5471C1239FF3E400EE176E /* harbourside.png */,
				AE5471CD239FF3E500EE176E /* HeneryFishChips.png */,
				AE5471D6239FF3E600EE176E /* IndianHero.png */,
				AE5471C0239FF3E400EE176E /* loneStar.png */,
				AE5471CC239FF3E500EE176E /* mamaBurrito.png */,
				AE5471C5239FF3E400EE176E /* MirchMasala.png */,
				AE5471C8239FF3E400EE176E /* paneEVino.png */,
				AE5471C7239FF3E400EE176E /* PosBuenoMexican.png */,
				AE5471C4239FF3E400EE176E /* Promodora.png */,
				AE5471D2239FF3E500EE176E /* quesadaBurrito.png */,
				AE5471D3239FF3E500EE176E /* redLobster.png */,
				AE5471CA239FF3E400EE176E /* SingaporeGarden.png */,
				AE5471C3239FF3E400EE176E /* TandooriFlame.png */,
				AE5471C6239FF3E400EE176E /* tropicalEscape.png */,
				AE5471BE239FF3E400EE176E /* VesuvioRistorant.png */,
				AE5471D1239FF3E500EE176E /* wimpyDinner.png */,
			);
			path = Images;
			sourceTree = "<group>";
		};
/* End PBXGroup section */

/* Begin PBXNativeTarget section */
		AE736801238438EF00116D6F /* Trojans */ = {
			isa = PBXNativeTarget;
			buildConfigurationList = AE736814238438F000116D6F /* Build configuration list for PBXNativeTarget "Trojans" */;
			buildPhases = (
				AE7367FE238438EF00116D6F /* Sources */,
				AE7367FF238438EF00116D6F /* Frameworks */,
				AE736800238438EF00116D6F /* Resources */,
			);
			buildRules = (
			);
			dependencies = (
			);
			name = Trojans;
			productName = Trojans;
			productReference = AE736802238438EF00116D6F /* Trojans.app */;
			productType = "com.apple.product-type.application";
		};
/* End PBXNativeTarget section */

/* Begin PBXProject section */
		AE7367FA238438EF00116D6F /* Project object */ = {
			isa = PBXProject;
			attributes = {
				LastSwiftUpdateCheck = 1030;
				LastUpgradeCheck = 1030;
				ORGANIZATIONNAME = "Xcode User";
				TargetAttributes = {
					AE736801238438EF00116D6F = {
						CreatedOnToolsVersion = 10.3;
					};
				};
			};
			buildConfigurationList = AE7367FD238438EF00116D6F /* Build configuration list for PBXProject "Trojans" */;
			compatibilityVersion = "Xcode 9.3";
			developmentRegion = en;
			hasScannedForEncodings = 0;
			knownRegions = (
				en,
				Base,
			);
			mainGroup = AE7367F9238438EF00116D6F;
			productRefGroup = AE736803238438EF00116D6F /* Products */;
			projectDirPath = "";
			projectRoot = "";
			targets = (
				AE736801238438EF00116D6F /* Trojans */,
			);
		};
/* End PBXProject section */

/* Begin PBXResourcesBuildPhase section */
		AE736800238438EF00116D6F /* Resources */ = {
			isa = PBXResourcesBuildPhase;
			buildActionMask = 2147483647;
			files = (
				AE5471F1239FF3E600EE176E /* 2dollar.jpeg in Resources */,
				AE5471E5239FF3E600EE176E /* FookHing.png in Resources */,
				AE5471DB239FF3E600EE176E /* FatBatard.png in Resources */,
				AE5471E4239FF3E600EE176E /* paneEVino.png in Resources */,
				AE5471F0239FF3E600EE176E /* burritoBoyz.png in Resources */,
				AE5471DC239FF3E600EE176E /* loneStar.png in Resources */,
				AE736810238438F000116D6F /* LaunchScreen.storyboard in Resources */,
				AE5471EF239FF3E600EE176E /* redLobster.png in Resources */,
				AE5471ED239FF3E600EE176E /* wimpyDinner.png in Resources */,
				AE5471E8239FF3E600EE176E /* mamaBurrito.png in Resources */,
				AE5471E3239FF3E600EE176E /* PosBuenoMexican.png in Resources */,
				AE5471EB239FF3E600EE176E /* 1star.png in Resources */,
				AE73680D238438F000116D6F /* Assets.xcassets in Resources */,
				AE5471EA239FF3E600EE176E /* 2star.png in Resources */,
				AE5471DA239FF3E600EE176E /* VesuvioRistorant.png in Resources */,
				AE5471F5239FF3E600EE176E /* 5star.jpeg in Resources */,
				AE73680B238438EF00116D6F /* Main.storyboard in Resources */,
				AE5471F3239FF3E600EE176E /* 3dollar.png in Resources */,
				AE5471E1239FF3E600EE176E /* MirchMasala.png in Resources */,
				AE5471DD239FF3E600EE176E /* harbourside.png in Resources */,
				AE5471E7239FF3E600EE176E /* 4star.jpeg in Resources */,
				AE5471EE239FF3E600EE176E /* quesadaBurrito.png in Resources */,
				AE5471E2239FF3E600EE176E /* tropicalEscape.png in Resources */,
				AE5471E0239FF3E600EE176E /* Promodora.png in Resources */,
				AE5471F4239FF3E600EE176E /* 1dollar.jpeg in Resources */,
				AE5471DE239FF3E600EE176E /* HakkaVillage.png in Resources */,
				AE5471DF239FF3E600EE176E /* TandooriFlame.png in Resources */,
				AE5471EC239FF3E600EE176E /* 3star.jpeg in Resources */,
				AE5471E6239FF3E600EE176E /* SingaporeGarden.png in Resources */,
				AE5471F2239FF3E600EE176E /* IndianHero.png in Resources */,
				AE5471E9239FF3E600EE176E /* HeneryFishChips.png in Resources */,
			);
			runOnlyForDeploymentPostprocessing = 0;
		};
/* End PBXResourcesBuildPhase section */

/* Begin PBXSourcesBuildPhase section */
		AE7367FE238438EF00116D6F /* Sources */ = {
			isa = PBXSourcesBuildPhase;
			buildActionMask = 2147483647;
			files = (
				AE736808238438EF00116D6F /* ViewController.swift in Sources */,
				AE5471F7239FF43A00EE176E /* MapViewController.swift in Sources */,
				AE73681D23845D5A00116D6F /* GetData.swift in Sources */,
				AE736806238438EF00116D6F /* AppDelegate.swift in Sources */,
				AE7F7A2C238ED7A900AEAAAB /* TableViewController.swift in Sources */,
				AE73681F23845D7900116D6F /* MyDataTableViewCell.swift in Sources */,
			);
			runOnlyForDeploymentPostprocessing = 0;
		};
/* End PBXSourcesBuildPhase section */

/* Begin PBXVariantGroup section */
		AE736809238438EF00116D6F /* Main.storyboard */ = {
			isa = PBXVariantGroup;
			children = (
				AE73680A238438EF00116D6F /* Base */,
			);
			name = Main.storyboard;
			sourceTree = "<group>";
		};
		AE73680E238438F000116D6F /* LaunchScreen.storyboard */ = {
			isa = PBXVariantGroup;
			children = (
				AE73680F238438F000116D6F /* Base */,
			);
			name = LaunchScreen.storyboard;
			sourceTree = "<group>";
		};
/* End PBXVariantGroup section */

/* Begin XCBuildConfiguration section */
		AE736812238438F000116D6F /* Debug */ = {
			isa = XCBuildConfiguration;
			buildSettings = {
				ALWAYS_SEARCH_USER_PATHS = NO;
				CLANG_ANALYZER_NONNULL = YES;
				CLANG_ANALYZER_NUMBER_OBJECT_CONVERSION = YES_AGGRESSIVE;
				CLANG_CXX_LANGUAGE_STANDARD = "gnu++14";
				CLANG_CXX_LIBRARY = "libc++";
				CLANG_ENABLE_MODULES = YES;
				CLANG_ENABLE_OBJC_ARC = YES;
				CLANG_ENABLE_OBJC_WEAK = YES;
				CLANG_WARN_BLOCK_CAPTURE_AUTORELEASING = YES;
				CLANG_WARN_BOOL_CONVERSION = YES;
				CLANG_WARN_COMMA = YES;
				CLANG_WARN_CONSTANT_CONVERSION = YES;
				CLANG_WARN_DEPRECATED_OBJC_IMPLEMENTATIONS = YES;
				CLANG_WARN_DIRECT_OBJC_ISA_USAGE = YES_ERROR;
				CLANG_WARN_DOCUMENTATION_COMMENTS = YES;
				CLANG_WARN_EMPTY_BODY = YES;
				CLANG_WARN_ENUM_CONVERSION = YES;
				CLANG_WARN_INFINITE_RECURSION = YES;
				CLANG_WARN_INT_CONVERSION = YES;
				CLANG_WARN_NON_LITERAL_NULL_CONVERSION = YES;
				CLANG_WARN_OBJC_IMPLICIT_RETAIN_SELF = YES;
				CLANG_WARN_OBJC_LITERAL_CONVERSION = YES;
				CLANG_WARN_OBJC_ROOT_CLASS = YES_ERROR;
				CLANG_WARN_RANGE_LOOP_ANALYSIS = YES;
				CLANG_WARN_STRICT_PROTOTYPES = YES;
				CLANG_WARN_SUSPICIOUS_MOVE = YES;
				CLANG_WARN_UNGUARDED_AVAILABILITY = YES_AGGRESSIVE;
				CLANG_WARN_UNREACHABLE_CODE = YES;
				CLANG_WARN__DUPLICATE_METHOD_MATCH = YES;
				CODE_SIGN_IDENTITY = "iPhone Developer";
				COPY_PHASE_STRIP = NO;
				DEBUG_INFORMATION_FORMAT = dwarf;
				ENABLE_STRICT_OBJC_MSGSEND = YES;
				ENABLE_TESTABILITY = YES;
				GCC_C_LANGUAGE_STANDARD = gnu11;
				GCC_DYNAMIC_NO_PIC = NO;
				GCC_NO_COMMON_BLOCKS = YES;
				GCC_OPTIMIZATION_LEVEL = 0;
				GCC_PREPROCESSOR_DEFINITIONS = (
					"DEBUG=1",
					"$(inherited)",
				);
				GCC_WARN_64_TO_32_BIT_CONVERSION = YES;
				GCC_WARN_ABOUT_RETURN_TYPE = YES_ERROR;
				GCC_WARN_UNDECLARED_SELECTOR = YES;
				GCC_WARN_UNINITIALIZED_AUTOS = YES_AGGRESSIVE;
				GCC_WARN_UNUSED_FUNCTION = YES;
				GCC_WARN_UNUSED_VARIABLE = YES;
				IPHONEOS_DEPLOYMENT_TARGET = 12.4;
				MTL_ENABLE_DEBUG_INFO = INCLUDE_SOURCE;
				MTL_FAST_MATH = YES;
				ONLY_ACTIVE_ARCH = YES;
				SDKROOT = iphoneos;
				SWIFT_ACTIVE_COMPILATION_CONDITIONS = DEBUG;
				SWIFT_OPTIMIZATION_LEVEL = "-Onone";
			};
			name = Debug;
		};
		AE736813238438F000116D6F /* Release */ = {
			isa = XCBuildConfiguration;
			buildSettings = {
				ALWAYS_SEARCH_USER_PATHS = NO;
				CLANG_ANALYZER_NONNULL = YES;
				CLANG_ANALYZER_NUMBER_OBJECT_CONVERSION = YES_AGGRESSIVE;
				CLANG_CXX_LANGUAGE_STANDARD = "gnu++14";
				CLANG_CXX_LIBRARY = "libc++";
				CLANG_ENABLE_MODULES = YES;
				CLANG_ENABLE_OBJC_ARC = YES;
				CLANG_ENABLE_OBJC_WEAK = YES;
				CLANG_WARN_BLOCK_CAPTURE_AUTORELEASING = YES;
				CLANG_WARN_BOOL_CONVERSION = YES;
				CLANG_WARN_COMMA = YES;
				CLANG_WARN_CONSTANT_CONVERSION = YES;
				CLANG_WARN_DEPRECATED_OBJC_IMPLEMENTATIONS = YES;
				CLANG_WARN_DIRECT_OBJC_ISA_USAGE = YES_ERROR;
				CLANG_WARN_DOCUMENTATION_COMMENTS = YES;
				CLANG_WARN_EMPTY_BODY = YES;
				CLANG_WARN_ENUM_CONVERSION = YES;
				CLANG_WARN_INFINITE_RECURSION = YES;
				CLANG_WARN_INT_CONVERSION = YES;
				CLANG_WARN_NON_LITERAL_NULL_CONVERSION = YES;
				CLANG_WARN_OBJC_IMPLICIT_RETAIN_SELF = YES;
				CLANG_WARN_OBJC_LITERAL_CONVERSION = YES;
				CLANG_WARN_OBJC_ROOT_CLASS = YES_ERROR;
				CLANG_WARN_RANGE_LOOP_ANALYSIS = YES;
				CLANG_WARN_STRICT_PROTOTYPES = YES;
				CLANG_WARN_SUSPICIOUS_MOVE = YES;
				CLANG_WARN_UNGUARDED_AVAILABILITY = YES_AGGRESSIVE;
				CLANG_WARN_UNREACHABLE_CODE = YES;
				CLANG_WARN__DUPLICATE_METHOD_MATCH = YES;
				CODE_SIGN_IDENTITY = "iPhone Developer";
				COPY_PHASE_STRIP = NO;
				DEBUG_INFORMATION_FORMAT = "dwarf-with-dsym";
				ENABLE_NS_ASSERTIONS = NO;
				ENABLE_STRICT_OBJC_MSGSEND = YES;
				GCC_C_LANGUAGE_STANDARD = gnu11;
				GCC_NO_COMMON_BLOCKS = YES;
				GCC_WARN_64_TO_32_BIT_CONVERSION = YES;
				GCC_WARN_ABOUT_RETURN_TYPE = YES_ERROR;
				GCC_WARN_UNDECLARED_SELECTOR = YES;
				GCC_WARN_UNINITIALIZED_AUTOS = YES_AGGRESSIVE;
				GCC_WARN_UNUSED_FUNCTION = YES;
				GCC_WARN_UNUSED_VARIABLE = YES;
				IPHONEOS_DEPLOYMENT_TARGET = 12.4;
				MTL_ENABLE_DEBUG_INFO = NO;
				MTL_FAST_MATH = YES;
				SDKROOT = iphoneos;
				SWIFT_COMPILATION_MODE = wholemodule;
				SWIFT_OPTIMIZATION_LEVEL = "-O";
				VALIDATE_PRODUCT = YES;
			};
			name = Release;
		};
		AE736815238438F000116D6F /* Debug */ = {
			isa = XCBuildConfiguration;
			buildSettings = {
				ASSETCATALOG_COMPILER_APPICON_NAME = AppIcon;
				CODE_SIGN_STYLE = Automatic;
				INFOPLIST_FILE = Trojans/Info.plist;
				LD_RUNPATH_SEARCH_PATHS = (
					"$(inherited)",
					"@executable_path/Frameworks",
				);
				PRODUCT_BUNDLE_IDENTIFIER = com.prog.Trojans;
				PRODUCT_NAME = "$(TARGET_NAME)";
				SWIFT_VERSION = 5.0;
				TARGETED_DEVICE_FAMILY = "1,2";
			};
			name = Debug;
		};
		AE736816238438F000116D6F /* Release */ = {
			isa = XCBuildConfiguration;
			buildSettings = {
				ASSETCATALOG_COMPILER_APPICON_NAME = AppIcon;
				CODE_SIGN_STYLE = Automatic;
				INFOPLIST_FILE = Trojans/Info.plist;
				LD_RUNPATH_SEARCH_PATHS = (
					"$(inherited)",
					"@executable_path/Frameworks",
				);
				PRODUCT_BUNDLE_IDENTIFIER = com.prog.Trojans;
				PRODUCT_NAME = "$(TARGET_NAME)";
				SWIFT_VERSION = 5.0;
				TARGETED_DEVICE_FAMILY = "1,2";
			};
			name = Release;
		};
/* End XCBuildConfiguration section */

/* Begin XCConfigurationList section */
		AE7367FD238438EF00116D6F /* Build configuration list for PBXProject "Trojans" */ = {
			isa = XCConfigurationList;
			buildConfigurations = (
				AE736812238438F000116D6F /* Debug */,
				AE736813238438F000116D6F /* Release */,
			);
			defaultConfigurationIsVisible = 0;
			defaultConfigurationName = Release;
		};
		AE736814238438F000116D6F /* Build configuration list for PBXNativeTarget "Trojans" */ = {
			isa = XCConfigurationList;
			buildConfigurations = (
				AE736815238438F000116D6F /* Debug */,
				AE736816238438F000116D6F /* Release */,
			);
			defaultConfigurationIsVisible = 0;
			defaultConfigurationName = Release;
		};
/* End XCConfigurationList section */
	};
	rootObject = AE7367FA238438EF00116D6F /* Project object */;
}
